# THIS IS AN AUTOGENERATED FILE. DO NOT EDIT THIS FILE DIRECTLY.
# yarn lockfile v1


single-spa@^5.5.3:
  version "5.5.3"
  resolved "https://registry.yarnpkg.com/single-spa/-/single-spa-5.5.3.tgz#17c092120c7faf39bd740f95900f132150e17eb1"
  integrity sha512-P+czr9i0814D4fH84IPcLq3hVxBD5dFaPF71V8bBsa9SrRv581FcS7CW/frpr9K53KMLKXsWb4z0O8zC+dtLfw==
